<?xml version="1.0" encoding="utf-8"?>
<Project ToolsVersion="4.0" xmlns="http://schemas.microsoft.com/developer/msbuild/2003">
  <ItemGroup>
    <Filter Include="MyGameEngine">
      <UniqueIdentifier>{FBF672FC-E759-02A1-90DF-3A577C21CE23}</UniqueIdentifier>
    </Filter>
  </ItemGroup>
  <ItemGroup>
    <ClInclude Include="src\MyGameEngine.h" />
    <ClInclude Include="src\MyGameEngine\Application.h">
      <Filter>MyGameEngine</Filter>
    </ClInclude>
    <ClInclude Include="src\MyGameEngine\Core.h">
      <Filter>MyGameEngine</Filter>
    </ClInclude>
    <ClInclude Include="src\MyGameEngine\EntryPoint.h">
      <Filter>MyGameEngine</Filter>
    </ClInclude>
    <ClInclude Include="src\MyGameEngine\Log.h">
      <Filter>MyGameEngine</Filter>
    </ClInclude>
  </ItemGroup>
  <ItemGroup>
    <ClCompile Include="src\MyGameEngine\Application.cpp">
      <Filter>MyGameEngine</Filter>
    </ClCompile>
    <ClCompile Include="src\MyGameEngine\Log.cpp">
      <Filter>MyGameEngine</Filter>
    </ClCompile>
  </ItemGroup>
</Project>